
Microsoft Visual Studio Solution File, Format Version 12.00
# Visual Studio Version 16
VisualStudioVersion = 16.0.29709.97
MinimumVisualStudioVersion = 10.0.40219.1
Project("{9A19103F-16F7-4668-BE54-9A1E7A4F7556}") = "PocNugetTeste", "PocNugetTeste\PocNugetTeste.csproj", "{F62C67F1-A0AC-421E-95FA-8379C31CF02F}"
EndProject
Project("{9A19103F-16F7-4668-BE54-9A1E7A4F7556}") = "PocNugetSL", "PocNugetSL\PocNugetSL.csproj", "{30B59944-88AD-4B31-A79F-4F8BDFFEAE1D}"
EndProject
Project("{2150E333-8FDC-42A3-9474-1A3956D46DE8}") = "CI Pipeline", "CI Pipeline", "{23187D86-1FCF-4B65-9E92-26BEC38DDC4D}"
	ProjectSection(SolutionItems) = preProject
		.github\workflows\dotnet.yml = .github\workflows\dotnet.yml
	EndProjectSection
EndProject
Global
	GlobalSection(SolutionConfigurationPlatforms) = preSolution
		Debug|Any CPU = Debug|Any CPU
		Release|Any CPU = Release|Any CPU
	EndGlobalSection
	GlobalSection(ProjectConfigurationPlatforms) = postSolution
		{F62C67F1-A0AC-421E-95FA-8379C31CF02F}.Debug|Any CPU.ActiveCfg = Debug|Any CPU
		{F62C67F1-A0AC-421E-95FA-8379C31CF02F}.Debug|Any CPU.Build.0 = Debug|Any CPU
		{F62C67F1-A0AC-421E-95FA-8379C31CF02F}.Release|Any CPU.ActiveCfg = Release|Any CPU
		{F62C67F1-A0AC-421E-95FA-8379C31CF02F}.Release|Any CPU.Build.0 = Release|Any CPU
		{30B59944-88AD-4B31-A79F-4F8BDFFEAE1D}.Debug|Any CPU.ActiveCfg = Debug|Any CPU
		{30B59944-88AD-4B31-A79F-4F8BDFFEAE1D}.Debug|Any CPU.Build.0 = Debug|Any CPU
		{30B59944-88AD-4B31-A79F-4F8BDFFEAE1D}.Release|Any CPU.ActiveCfg = Release|Any CPU
		{30B59944-88AD-4B31-A79F-4F8BDFFEAE1D}.Release|Any CPU.Build.0 = Release|Any CPU
	EndGlobalSection
	GlobalSection(SolutionProperties) = preSolution
		HideSolutionNode = FALSE
	EndGlobalSection
	GlobalSection(ExtensibilityGlobals) = postSolution
		SolutionGuid = {9D5010B0-8706-4519-AA66-BD0F0731740E}
	EndGlobalSection
EndGlobal
