
Microsoft Visual Studio Solution File, Format Version 12.00
# Visual Studio Version 16
VisualStudioVersion = 16.0.29709.97
MinimumVisualStudioVersion = 10.0.40219.1
Project("{9A19103F-16F7-4668-BE54-9A1E7A4F7556}") = "PocNugetTeste", "PocNugetTeste\PocNugetTeste.csproj", "{F62C67F1-A0AC-421E-95FA-8379C31CF02F}"
EndProject
Project("{9A19103F-16F7-4668-BE54-9A1E7A4F7556}") = "PocNugetSL", "PocNugetSL\PocNugetSL.csproj", "{E9E12247-7330-4090-9298-2247642427F3}"
EndProject
Global
	GlobalSection(SolutionConfigurationPlatforms) = preSolution
		Debug|Any CPU = Debug|Any CPU
		Release|Any CPU = Release|Any CPU
	EndGlobalSection
	GlobalSection(ProjectConfigurationPlatforms) = postSolution
		{F62C67F1-A0AC-421E-95FA-8379C31CF02F}.Debug|Any CPU.ActiveCfg = Debug|Any CPU
		{F62C67F1-A0AC-421E-95FA-8379C31CF02F}.Debug|Any CPU.Build.0 = Debug|Any CPU
		{F62C67F1-A0AC-421E-95FA-8379C31CF02F}.Release|Any CPU.ActiveCfg = Release|Any CPU
		{F62C67F1-A0AC-421E-95FA-8379C31CF02F}.Release|Any CPU.Build.0 = Release|Any CPU
		{E9E12247-7330-4090-9298-2247642427F3}.Debug|Any CPU.ActiveCfg = Debug|Any CPU
		{E9E12247-7330-4090-9298-2247642427F3}.Debug|Any CPU.Build.0 = Debug|Any CPU
		{E9E12247-7330-4090-9298-2247642427F3}.Release|Any CPU.ActiveCfg = Release|Any CPU
		{E9E12247-7330-4090-9298-2247642427F3}.Release|Any CPU.Build.0 = Release|Any CPU
	EndGlobalSection
	GlobalSection(SolutionProperties) = preSolution
		HideSolutionNode = FALSE
	EndGlobalSection
	GlobalSection(ExtensibilityGlobals) = postSolution
		SolutionGuid = {9D5010B0-8706-4519-AA66-BD0F0731740E}
	EndGlobalSection
EndGlobal
